
Microsoft Visual Studio Solution File, Format Version 12.00
# Visual Studio Version 16
VisualStudioVersion = 16.0.31605.320
MinimumVisualStudioVersion = 10.0.40219.1
Project("{FAE04EC0-301F-11D3-BF4B-00C04F79EFBC}") = "Arc.StringSanitizer", "Arc.StringSanitizer\Arc.StringSanitizer.csproj", "{9BE896D3-60A0-4D55-8694-861D28F895EE}"
EndProject
Project("{FAE04EC0-301F-11D3-BF4B-00C04F79EFBC}") = "Arc.StringSanitizerTest", "Arc.StringSanitizerTest\Arc.StringSanitizerTest.csproj", "{EDCFE809-9483-4C14-AB4A-89C941127D02}"
EndProject
Global
	GlobalSection(SolutionConfigurationPlatforms) = preSolution
		Debug|Any CPU = Debug|Any CPU
		Release|Any CPU = Release|Any CPU
	EndGlobalSection
	GlobalSection(ProjectConfigurationPlatforms) = postSolution
		{9BE896D3-60A0-4D55-8694-861D28F895EE}.Debug|Any CPU.ActiveCfg = Debug|Any CPU
		{9BE896D3-60A0-4D55-8694-861D28F895EE}.Debug|Any CPU.Build.0 = Debug|Any CPU
		{9BE896D3-60A0-4D55-8694-861D28F895EE}.Release|Any CPU.ActiveCfg = Release|Any CPU
		{9BE896D3-60A0-4D55-8694-861D28F895EE}.Release|Any CPU.Build.0 = Release|Any CPU
		{EDCFE809-9483-4C14-AB4A-89C941127D02}.Debug|Any CPU.ActiveCfg = Debug|Any CPU
		{EDCFE809-9483-4C14-AB4A-89C941127D02}.Debug|Any CPU.Build.0 = Debug|Any CPU
		{EDCFE809-9483-4C14-AB4A-89C941127D02}.Release|Any CPU.ActiveCfg = Release|Any CPU
		{EDCFE809-9483-4C14-AB4A-89C941127D02}.Release|Any CPU.Build.0 = Release|Any CPU
	EndGlobalSection
	GlobalSection(SolutionProperties) = preSolution
		HideSolutionNode = FALSE
	EndGlobalSection
	GlobalSection(ExtensibilityGlobals) = postSolution
		SolutionGuid = {EEA97697-9F7B-4062-BBAF-50F7FF7A0E94}
	EndGlobalSection
EndGlobal
